// !$*UTF8*$!
{
	archiveVersion = 1;
	classes = {
	};
	objectVersion = 50;
	objects = {

/* Begin PBXBuildFile section */
		ABA83005222673A10057D054 /* AppDelegate.swift in Sources */ = {isa = PBXBuildFile; fileRef = ABA83004222673A10057D054 /* AppDelegate.swift */; };
		ABA83007222673A10057D054 /* ViewController.swift in Sources */ = {isa = PBXBuildFile; fileRef = ABA83006222673A10057D054 /* ViewController.swift */; };
		ABA8300A222673A10057D054 /* Main.storyboard in Resources */ = {isa = PBXBuildFile; fileRef = ABA83008222673A10057D054 /* Main.storyboard */; };
		ABA8300C222673A20057D054 /* Assets.xcassets in Resources */ = {isa = PBXBuildFile; fileRef = ABA8300B222673A20057D054 /* Assets.xcassets */; };
		ABA8300F222673A20057D054 /* LaunchScreen.storyboard in Resources */ = {isa = PBXBuildFile; fileRef = ABA8300D222673A20057D054 /* LaunchScreen.storyboard */; };
		ABA83018222673DD0057D054 /* XLTimeManager.swift in Sources */ = {isa = PBXBuildFile; fileRef = ABA83016222673DD0057D054 /* XLTimeManager.swift */; };
		ABA83019222673DD0057D054 /* XLTimeManager+Extension.swift in Sources */ = {isa = PBXBuildFile; fileRef = ABA83017222673DD0057D054 /* XLTimeManager+Extension.swift */; };
/* End PBXBuildFile section */

/* Begin PBXFileReference section */
		ABA83001222673A10057D054 /* XLTimeManagerDemo.app */ = {isa = PBXFileReference; explicitFileType = wrapper.application; includeInIndex = 0; path = XLTimeManagerDemo.app; sourceTree = BUILT_PRODUCTS_DIR; };
		ABA83004222673A10057D054 /* AppDelegate.swift */ = {isa = PBXFileReference; lastKnownFileType = sourcecode.swift; path = AppDelegate.swift; sourceTree = "<group>"; };
		ABA83006222673A10057D054 /* ViewController.swift */ = {isa = PBXFileReference; lastKnownFileType = sourcecode.swift; path = ViewController.swift; sourceTree = "<group>"; };
		ABA83009222673A10057D054 /* Base */ = {isa = PBXFileReference; lastKnownFileType = file.storyboard; name = Base; path = Base.lproj/Main.storyboard; sourceTree = "<group>"; };
		ABA8300B222673A20057D054 /* Assets.xcassets */ = {isa = PBXFileReference; lastKnownFileType = folder.assetcatalog; path = Assets.xcassets; sourceTree = "<group>"; };
		ABA8300E222673A20057D054 /* Base */ = {isa = PBXFileReference; lastKnownFileType = file.storyboard; name = Base; path = Base.lproj/LaunchScreen.storyboard; sourceTree = "<group>"; };
		ABA83010222673A20057D054 /* Info.plist */ = {isa = PBXFileReference; lastKnownFileType = text.plist.xml; path = Info.plist; sourceTree = "<group>"; };
		ABA83016222673DD0057D054 /* XLTimeManager.swift */ = {isa = PBXFileReference; fileEncoding = 4; lastKnownFileType = sourcecode.swift; path = XLTimeManager.swift; sourceTree = "<group>"; };
		ABA83017222673DD0057D054 /* XLTimeManager+Extension.swift */ = {isa = PBXFileReference; fileEncoding = 4; lastKnownFileType = sourcecode.swift; path = "XLTimeManager+Extension.swift"; sourceTree = "<group>"; };
/* End PBXFileReference section */

/* Begin PBXFrameworksBuildPhase section */
		ABA82FFE222673A10057D054 /* Frameworks */ = {
			isa = PBXFrameworksBuildPhase;
			buildActionMask = 2147483647;
			files = (
			);
			runOnlyForDeploymentPostprocessing = 0;
		};
/* End PBXFrameworksBuildPhase section */

/* Begin PBXGroup section */
		ABA82FF8222673A10057D054 = {
			isa = PBXGroup;
			children = (
				ABA83003222673A10057D054 /* XLTimeManagerDemo */,
				ABA83002222673A10057D054 /* Products */,
			);
			sourceTree = "<group>";
		};
		ABA83002222673A10057D054 /* Products */ = {
			isa = PBXGroup;
			children = (
				ABA83001222673A10057D054 /* XLTimeManagerDemo.app */,
			);
			name = Products;
			sourceTree = "<group>";
		};
		ABA83003222673A10057D054 /* XLTimeManagerDemo */ = {
			isa = PBXGroup;
			children = (
				ABA83016222673DD0057D054 /* XLTimeManager.swift */,
				ABA83017222673DD0057D054 /* XLTimeManager+Extension.swift */,
				ABA83004222673A10057D054 /* AppDelegate.swift */,
				ABA83006222673A10057D054 /* ViewController.swift */,
				ABA83008222673A10057D054 /* Main.storyboard */,
				ABA8300B222673A20057D054 /* Assets.xcassets */,
				ABA8300D222673A20057D054 /* LaunchScreen.storyboard */,
				ABA83010222673A20057D054 /* Info.plist */,
			);
			path = XLTimeManagerDemo;
			sourceTree = "<group>";
		};
/* End PBXGroup section */

/* Begin PBXNativeTarget section */
		ABA83000222673A10057D054 /* XLTimeManagerDemo */ = {
			isa = PBXNativeTarget;
			buildConfigurationList = ABA83013222673A20057D054 /* Build configuration list for PBXNativeTarget "XLTimeManagerDemo" */;
			buildPhases = (
				ABA82FFD222673A10057D054 /* Sources */,
				ABA82FFE222673A10057D054 /* Frameworks */,
				ABA82FFF222673A10057D054 /* Resources */,
			);
			buildRules = (
			);
			dependencies = (
			);
			name = XLTimeManagerDemo;
			productName = XLTimeManagerDemo;
			productReference = ABA83001222673A10057D054 /* XLTimeManagerDemo.app */;
			productType = "com.apple.product-type.application";
		};
/* End PBXNativeTarget section */

/* Begin PBXProject section */
		ABA82FF9222673A10057D054 /* Project object */ = {
			isa = PBXProject;
			attributes = {
				LastSwiftUpdateCheck = 1010;
				LastUpgradeCheck = 1010;
				ORGANIZATIONNAME = xiaolei;
				TargetAttributes = {
					ABA83000222673A10057D054 = {
						CreatedOnToolsVersion = 10.1;
					};
				};
			};
			buildConfigurationList = ABA82FFC222673A10057D054 /* Build configuration list for PBXProject "XLTimeManagerDemo" */;
			compatibilityVersion = "Xcode 9.3";
			developmentRegion = en;
			hasScannedForEncodings = 0;
			knownRegions = (
				en,
				Base,
			);
			mainGroup = ABA82FF8222673A10057D054;
			productRefGroup = ABA83002222673A10057D054 /* Products */;
			projectDirPath = "";
			projectRoot = "";
			targets = (
				ABA83000222673A10057D054 /* XLTimeManagerDemo */,
			);
		};
/* End PBXProject section */

/* Begin PBXResourcesBuildPhase section */
		ABA82FFF222673A10057D054 /* Resources */ = {
			isa = PBXResourcesBuildPhase;
			buildActionMask = 2147483647;
			files = (
				ABA8300F222673A20057D054 /* LaunchScreen.storyboard in Resources */,
				ABA8300C222673A20057D054 /* Assets.xcassets in Resources */,
				ABA8300A222673A10057D054 /* Main.storyboard in Resources */,
			);
			runOnlyForDeploymentPostprocessing = 0;
		};
/* End PBXResourcesBuildPhase section */

/* Begin PBXSourcesBuildPhase section */
		ABA82FFD222673A10057D054 /* Sources */ = {
			isa = PBXSourcesBuildPhase;
			buildActionMask = 2147483647;
			files = (
				ABA83018222673DD0057D054 /* XLTimeManager.swift in Sources */,
				ABA83007222673A10057D054 /* ViewController.swift in Sources */,
				ABA83019222673DD0057D054 /* XLTimeManager+Extension.swift in Sources */,
				ABA83005222673A10057D054 /* AppDelegate.swift in Sources */,
			);
			runOnlyForDeploymentPostprocessing = 0;
		};
/* End PBXSourcesBuildPhase section */

/* Begin PBXVariantGroup section */
		ABA83008222673A10057D054 /* Main.storyboard */ = {
			isa = PBXVariantGroup;
			children = (
				ABA83009222673A10057D054 /* Base */,
			);
			name = Main.storyboard;
			sourceTree = "<group>";
		};
		ABA8300D222673A20057D054 /* LaunchScreen.storyboard */ = {
			isa = PBXVariantGroup;
			children = (
				ABA8300E222673A20057D054 /* Base */,
			);
			name = LaunchScreen.storyboard;
			sourceTree = "<group>";
		};
/* End PBXVariantGroup section */

/* Begin XCBuildConfiguration section */
		ABA83011222673A20057D054 /* Debug */ = {
			isa = XCBuildConfiguration;
			buildSettings = {
				ALWAYS_SEARCH_USER_PATHS = NO;
				CLANG_ANALYZER_NONNULL = YES;
				CLANG_ANALYZER_NUMBER_OBJECT_CONVERSION = YES_AGGRESSIVE;
				CLANG_CXX_LANGUAGE_STANDARD = "gnu++14";
				CLANG_CXX_LIBRARY = "libc++";
				CLANG_ENABLE_MODULES = YES;
				CLANG_ENABLE_OBJC_ARC = YES;
				CLANG_ENABLE_OBJC_WEAK = YES;
				CLANG_WARN_BLOCK_CAPTURE_AUTORELEASING = YES;
				CLANG_WARN_BOOL_CONVERSION = YES;
				CLANG_WARN_COMMA = YES;
				CLANG_WARN_CONSTANT_CONVERSION = YES;
				CLANG_WARN_DEPRECATED_OBJC_IMPLEMENTATIONS = YES;
				CLANG_WARN_DIRECT_OBJC_ISA_USAGE = YES_ERROR;
				CLANG_WARN_DOCUMENTATION_COMMENTS = YES;
				CLANG_WARN_EMPTY_BODY = YES;
				CLANG_WARN_ENUM_CONVERSION = YES;
				CLANG_WARN_INFINITE_RECURSION = YES;
				CLANG_WARN_INT_CONVERSION = YES;
				CLANG_WARN_NON_LITERAL_NULL_CONVERSION = YES;
				CLANG_WARN_OBJC_IMPLICIT_RETAIN_SELF = YES;
				CLANG_WARN_OBJC_LITERAL_CONVERSION = YES;
				CLANG_WARN_OBJC_ROOT_CLASS = YES_ERROR;
				CLANG_WARN_RANGE_LOOP_ANALYSIS = YES;
				CLANG_WARN_STRICT_PROTOTYPES = YES;
				CLANG_WARN_SUSPICIOUS_MOVE = YES;
				CLANG_WARN_UNGUARDED_AVAILABILITY = YES_AGGRESSIVE;
				CLANG_WARN_UNREACHABLE_CODE = YES;
				CLANG_WARN__DUPLICATE_METHOD_MATCH = YES;
				CODE_SIGN_IDENTITY = "iPhone Developer";
				COPY_PHASE_STRIP = NO;
				DEBUG_INFORMATION_FORMAT = dwarf;
				ENABLE_STRICT_OBJC_MSGSEND = YES;
				ENABLE_TESTABILITY = YES;
				GCC_C_LANGUAGE_STANDARD = gnu11;
				GCC_DYNAMIC_NO_PIC = NO;
				GCC_NO_COMMON_BLOCKS = YES;
				GCC_OPTIMIZATION_LEVEL = 0;
				GCC_PREPROCESSOR_DEFINITIONS = (
					"DEBUG=1",
					"$(inherited)",
				);
				GCC_WARN_64_TO_32_BIT_CONVERSION = YES;
				GCC_WARN_ABOUT_RETURN_TYPE = YES_ERROR;
				GCC_WARN_UNDECLARED_SELECTOR = YES;
				GCC_WARN_UNINITIALIZED_AUTOS = YES_AGGRESSIVE;
				GCC_WARN_UNUSED_FUNCTION = YES;
				GCC_WARN_UNUSED_VARIABLE = YES;
				IPHONEOS_DEPLOYMENT_TARGET = 12.1;
				MTL_ENABLE_DEBUG_INFO = INCLUDE_SOURCE;
				MTL_FAST_MATH = YES;
				ONLY_ACTIVE_ARCH = YES;
				SDKROOT = iphoneos;
				SWIFT_ACTIVE_COMPILATION_CONDITIONS = DEBUG;
				SWIFT_OPTIMIZATION_LEVEL = "-Onone";
			};
			name = Debug;
		};
		ABA83012222673A20057D054 /* Release */ = {
			isa = XCBuildConfiguration;
			buildSettings = {
				ALWAYS_SEARCH_USER_PATHS = NO;
				CLANG_ANALYZER_NONNULL = YES;
				CLANG_ANALYZER_NUMBER_OBJECT_CONVERSION = YES_AGGRESSIVE;
				CLANG_CXX_LANGUAGE_STANDARD = "gnu++14";
				CLANG_CXX_LIBRARY = "libc++";
				CLANG_ENABLE_MODULES = YES;
				CLANG_ENABLE_OBJC_ARC = YES;
				CLANG_ENABLE_OBJC_WEAK = YES;
				CLANG_WARN_BLOCK_CAPTURE_AUTORELEASING = YES;
				CLANG_WARN_BOOL_CONVERSION = YES;
				CLANG_WARN_COMMA = YES;
				CLANG_WARN_CONSTANT_CONVERSION = YES;
				CLANG_WARN_DEPRECATED_OBJC_IMPLEMENTATIONS = YES;
				CLANG_WARN_DIRECT_OBJC_ISA_USAGE = YES_ERROR;
				CLANG_WARN_DOCUMENTATION_COMMENTS = YES;
				CLANG_WARN_EMPTY_BODY = YES;
				CLANG_WARN_ENUM_CONVERSION = YES;
				CLANG_WARN_INFINITE_RECURSION = YES;
				CLANG_WARN_INT_CONVERSION = YES;
				CLANG_WARN_NON_LITERAL_NULL_CONVERSION = YES;
				CLANG_WARN_OBJC_IMPLICIT_RETAIN_SELF = YES;
				CLANG_WARN_OBJC_LITERAL_CONVERSION = YES;
				CLANG_WARN_OBJC_ROOT_CLASS = YES_ERROR;
				CLANG_WARN_RANGE_LOOP_ANALYSIS = YES;
				CLANG_WARN_STRICT_PROTOTYPES = YES;
				CLANG_WARN_SUSPICIOUS_MOVE = YES;
				CLANG_WARN_UNGUARDED_AVAILABILITY = YES_AGGRESSIVE;
				CLANG_WARN_UNREACHABLE_CODE = YES;
				CLANG_WARN__DUPLICATE_METHOD_MATCH = YES;
				CODE_SIGN_IDENTITY = "iPhone Developer";
				COPY_PHASE_STRIP = NO;
				DEBUG_INFORMATION_FORMAT = "dwarf-with-dsym";
				ENABLE_NS_ASSERTIONS = NO;
				ENABLE_STRICT_OBJC_MSGSEND = YES;
				GCC_C_LANGUAGE_STANDARD = gnu11;
				GCC_NO_COMMON_BLOCKS = YES;
				GCC_WARN_64_TO_32_BIT_CONVERSION = YES;
				GCC_WARN_ABOUT_RETURN_TYPE = YES_ERROR;
				GCC_WARN_UNDECLARED_SELECTOR = YES;
				GCC_WARN_UNINITIALIZED_AUTOS = YES_AGGRESSIVE;
				GCC_WARN_UNUSED_FUNCTION = YES;
				GCC_WARN_UNUSED_VARIABLE = YES;
				IPHONEOS_DEPLOYMENT_TARGET = 12.1;
				MTL_ENABLE_DEBUG_INFO = NO;
				MTL_FAST_MATH = YES;
				SDKROOT = iphoneos;
				SWIFT_COMPILATION_MODE = wholemodule;
				SWIFT_OPTIMIZATION_LEVEL = "-O";
				VALIDATE_PRODUCT = YES;
			};
			name = Release;
		};
		ABA83014222673A20057D054 /* Debug */ = {
			isa = XCBuildConfiguration;
			buildSettings = {
				ASSETCATALOG_COMPILER_APPICON_NAME = AppIcon;
				CODE_SIGN_STYLE = Automatic;
				INFOPLIST_FILE = XLTimeManagerDemo/Info.plist;
				LD_RUNPATH_SEARCH_PATHS = (
					"$(inherited)",
					"@executable_path/Frameworks",
				);
				PRODUCT_BUNDLE_IDENTIFIER = xxx.XLTimeManagerDemo;
				PRODUCT_NAME = "$(TARGET_NAME)";
				SWIFT_VERSION = 4.2;
				TARGETED_DEVICE_FAMILY = "1,2";
			};
			name = Debug;
		};
		ABA83015222673A20057D054 /* Release */ = {
			isa = XCBuildConfiguration;
			buildSettings = {
				ASSETCATALOG_COMPILER_APPICON_NAME = AppIcon;
				CODE_SIGN_STYLE = Automatic;
				INFOPLIST_FILE = XLTimeManagerDemo/Info.plist;
				LD_RUNPATH_SEARCH_PATHS = (
					"$(inherited)",
					"@executable_path/Frameworks",
				);
				PRODUCT_BUNDLE_IDENTIFIER = xxx.XLTimeManagerDemo;
				PRODUCT_NAME = "$(TARGET_NAME)";
				SWIFT_VERSION = 4.2;
				TARGETED_DEVICE_FAMILY = "1,2";
			};
			name = Release;
		};
/* End XCBuildConfiguration section */

/* Begin XCConfigurationList section */
		ABA82FFC222673A10057D054 /* Build configuration list for PBXProject "XLTimeManagerDemo" */ = {
			isa = XCConfigurationList;
			buildConfigurations = (
				ABA83011222673A20057D054 /* Debug */,
				ABA83012222673A20057D054 /* Release */,
			);
			defaultConfigurationIsVisible = 0;
			defaultConfigurationName = Release;
		};
		ABA83013222673A20057D054 /* Build configuration list for PBXNativeTarget "XLTimeManagerDemo" */ = {
			isa = XCConfigurationList;
			buildConfigurations = (
				ABA83014222673A20057D054 /* Debug */,
				ABA83015222673A20057D054 /* Release */,
			);
			defaultConfigurationIsVisible = 0;
			defaultConfigurationName = Release;
		};
/* End XCConfigurationList section */
	};
	rootObject = ABA82FF9222673A10057D054 /* Project object */;
}
